
Microsoft Visual Studio Solution File, Format Version 12.00
# Visual Studio 15
VisualStudioVersion = 15.0.26127.3
MinimumVisualStudioVersion = 10.0.40219.1
Project("{FAE04EC0-301F-11D3-BF4B-00C04F79EFBC}") = "Plugin.Sensors", "Plugin.Sensors\Plugin.Sensors.csproj", "{150E72BD-08E5-48B6-A7DE-010EC70B4545}"
EndProject
Project("{FAE04EC0-301F-11D3-BF4B-00C04F79EFBC}") = "Plugin.Sensors.Abstractions", "Plugin.Sensors.Abstractions\Plugin.Sensors.Abstractions.csproj", "{322177B5-3029-42E2-AB95-FA4321F1C6E8}"
EndProject
Project("{FAE04EC0-301F-11D3-BF4B-00C04F79EFBC}") = "Plugin.Sensors.Android", "Plugin.Sensors.Android\Plugin.Sensors.Android.csproj", "{CDC49C08-74A4-436B-9531-F32B1299746A}"
EndProject
Project("{FAE04EC0-301F-11D3-BF4B-00C04F79EFBC}") = "Plugin.Sensors.iOS", "Plugin.Sensors.iOS\Plugin.Sensors.iOS.csproj", "{72103259-6DEC-43E9-A5F8-F2158B3CF5A9}"
EndProject
Project("{FAE04EC0-301F-11D3-BF4B-00C04F79EFBC}") = "Plugin.Sensors.Uwp", "Plugin.Sensors.Uwp\Plugin.Sensors.Uwp.csproj", "{0C85BE7A-A717-4C05-8E06-A4709CA55431}"
EndProject
Project("{D954291E-2A0B-460D-934E-DC6B0785DB48}") = "Plugin.Sensors.Shared", "Plugin.Sensors.Shared\Plugin.Sensors.Shared.shproj", "{EC030D3A-0ED4-4B7C-A283-5C99502E8817}"
EndProject
Project("{2150E333-8FDC-42A3-9474-1A3956D46DE8}") = "nuspec", "nuspec", "{4B5C6924-83CA-4FFC-8C33-476EF1957BE8}"
	ProjectSection(SolutionItems) = preProject
		nuspec\nuget.exe = nuspec\nuget.exe
		nuspec\pack.cmd = nuspec\pack.cmd
		nuspec\Plugin.Sensors.nuspec = nuspec\Plugin.Sensors.nuspec
		nuspec\push.cmd = nuspec\push.cmd
	EndProjectSection
EndProject
Project("{2150E333-8FDC-42A3-9474-1A3956D46DE8}") = "plugin", "plugin", "{A6051DA1-BFED-499C-9628-4A125EF44288}"
EndProject
Project("{2150E333-8FDC-42A3-9474-1A3956D46DE8}") = "Solution Items", "Solution Items", "{4EFCE66C-F3BB-4924-A6F4-54700188FC67}"
	ProjectSection(SolutionItems) = preProject
		changelog.md = changelog.md
		ISSUE_TEMPLATE = ISSUE_TEMPLATE
		LICENSE.md = LICENSE.md
		readme.md = readme.md
	EndProjectSection
EndProject
Global
	GlobalSection(SharedMSBuildProjectFiles) = preSolution
		Plugin.Sensors.Shared\Plugin.Sensors.Shared.projitems*{0c85be7a-a717-4c05-8e06-a4709ca55431}*SharedItemsImports = 4
		Plugin.Sensors.Shared\Plugin.Sensors.Shared.projitems*{150e72bd-08e5-48b6-a7de-010ec70b4545}*SharedItemsImports = 4
		Plugin.Sensors.Shared\Plugin.Sensors.Shared.projitems*{72103259-6dec-43e9-a5f8-f2158b3cf5a9}*SharedItemsImports = 4
		Plugin.Sensors.Shared\Plugin.Sensors.Shared.projitems*{cdc49c08-74a4-436b-9531-f32b1299746a}*SharedItemsImports = 4
		Plugin.Sensors.Shared\Plugin.Sensors.Shared.projitems*{ec030d3a-0ed4-4b7c-a283-5c99502e8817}*SharedItemsImports = 13
	EndGlobalSection
	GlobalSection(SolutionConfigurationPlatforms) = preSolution
		Ad-Hoc|Any CPU = Ad-Hoc|Any CPU
		Ad-Hoc|ARM = Ad-Hoc|ARM
		Ad-Hoc|iPhone = Ad-Hoc|iPhone
		Ad-Hoc|iPhoneSimulator = Ad-Hoc|iPhoneSimulator
		Ad-Hoc|x64 = Ad-Hoc|x64
		Ad-Hoc|x86 = Ad-Hoc|x86
		AppStore|Any CPU = AppStore|Any CPU
		AppStore|ARM = AppStore|ARM
		AppStore|iPhone = AppStore|iPhone
		AppStore|iPhoneSimulator = AppStore|iPhoneSimulator
		AppStore|x64 = AppStore|x64
		AppStore|x86 = AppStore|x86
		Debug|Any CPU = Debug|Any CPU
		Debug|ARM = Debug|ARM
		Debug|iPhone = Debug|iPhone
		Debug|iPhoneSimulator = Debug|iPhoneSimulator
		Debug|x64 = Debug|x64
		Debug|x86 = Debug|x86
		Release|Any CPU = Release|Any CPU
		Release|ARM = Release|ARM
		Release|iPhone = Release|iPhone
		Release|iPhoneSimulator = Release|iPhoneSimulator
		Release|x64 = Release|x64
		Release|x86 = Release|x86
	EndGlobalSection
	GlobalSection(ProjectConfigurationPlatforms) = postSolution
		{150E72BD-08E5-48B6-A7DE-010EC70B4545}.Ad-Hoc|Any CPU.ActiveCfg = Release|Any CPU
		{150E72BD-08E5-48B6-A7DE-010EC70B4545}.Ad-Hoc|Any CPU.Build.0 = Release|Any CPU
		{150E72BD-08E5-48B6-A7DE-010EC70B4545}.Ad-Hoc|ARM.ActiveCfg = Release|Any CPU
		{150E72BD-08E5-48B6-A7DE-010EC70B4545}.Ad-Hoc|ARM.Build.0 = Release|Any CPU
		{150E72BD-08E5-48B6-A7DE-010EC70B4545}.Ad-Hoc|iPhone.ActiveCfg = Release|Any CPU
		{150E72BD-08E5-48B6-A7DE-010EC70B4545}.Ad-Hoc|iPhone.Build.0 = Release|Any CPU
		{150E72BD-08E5-48B6-A7DE-010EC70B4545}.Ad-Hoc|iPhoneSimulator.ActiveCfg = Release|Any CPU
		{150E72BD-08E5-48B6-A7DE-010EC70B4545}.Ad-Hoc|iPhoneSimulator.Build.0 = Release|Any CPU
		{150E72BD-08E5-48B6-A7DE-010EC70B4545}.Ad-Hoc|x64.ActiveCfg = Release|Any CPU
		{150E72BD-08E5-48B6-A7DE-010EC70B4545}.Ad-Hoc|x64.Build.0 = Release|Any CPU
		{150E72BD-08E5-48B6-A7DE-010EC70B4545}.Ad-Hoc|x86.ActiveCfg = Release|Any CPU
		{150E72BD-08E5-48B6-A7DE-010EC70B4545}.Ad-Hoc|x86.Build.0 = Release|Any CPU
		{150E72BD-08E5-48B6-A7DE-010EC70B4545}.AppStore|Any CPU.ActiveCfg = Release|Any CPU
		{150E72BD-08E5-48B6-A7DE-010EC70B4545}.AppStore|Any CPU.Build.0 = Release|Any CPU
		{150E72BD-08E5-48B6-A7DE-010EC70B4545}.AppStore|ARM.ActiveCfg = Release|Any CPU
		{150E72BD-08E5-48B6-A7DE-010EC70B4545}.AppStore|ARM.Build.0 = Release|Any CPU
		{150E72BD-08E5-48B6-A7DE-010EC70B4545}.AppStore|iPhone.ActiveCfg = Release|Any CPU
		{150E72BD-08E5-48B6-A7DE-010EC70B4545}.AppStore|iPhone.Build.0 = Release|Any CPU
		{150E72BD-08E5-48B6-A7DE-010EC70B4545}.AppStore|iPhoneSimulator.ActiveCfg = Release|Any CPU
		{150E72BD-08E5-48B6-A7DE-010EC70B4545}.AppStore|iPhoneSimulator.Build.0 = Release|Any CPU
		{150E72BD-08E5-48B6-A7DE-010EC70B4545}.AppStore|x64.ActiveCfg = Release|Any CPU
		{150E72BD-08E5-48B6-A7DE-010EC70B4545}.AppStore|x64.Build.0 = Release|Any CPU
		{150E72BD-08E5-48B6-A7DE-010EC70B4545}.AppStore|x86.ActiveCfg = Release|Any CPU
		{150E72BD-08E5-48B6-A7DE-010EC70B4545}.AppStore|x86.Build.0 = Release|Any CPU
		{150E72BD-08E5-48B6-A7DE-010EC70B4545}.Debug|Any CPU.ActiveCfg = Debug|Any CPU
		{150E72BD-08E5-48B6-A7DE-010EC70B4545}.Debug|Any CPU.Build.0 = Debug|Any CPU
		{150E72BD-08E5-48B6-A7DE-010EC70B4545}.Debug|ARM.ActiveCfg = Debug|Any CPU
		{150E72BD-08E5-48B6-A7DE-010EC70B4545}.Debug|ARM.Build.0 = Debug|Any CPU
		{150E72BD-08E5-48B6-A7DE-010EC70B4545}.Debug|iPhone.ActiveCfg = Debug|Any CPU
		{150E72BD-08E5-48B6-A7DE-010EC70B4545}.Debug|iPhone.Build.0 = Debug|Any CPU
		{150E72BD-08E5-48B6-A7DE-010EC70B4545}.Debug|iPhoneSimulator.ActiveCfg = Debug|Any CPU
		{150E72BD-08E5-48B6-A7DE-010EC70B4545}.Debug|iPhoneSimulator.Build.0 = Debug|Any CPU
		{150E72BD-08E5-48B6-A7DE-010EC70B4545}.Debug|x64.ActiveCfg = Debug|Any CPU
		{150E72BD-08E5-48B6-A7DE-010EC70B4545}.Debug|x64.Build.0 = Debug|Any CPU
		{150E72BD-08E5-48B6-A7DE-010EC70B4545}.Debug|x86.ActiveCfg = Debug|Any CPU
		{150E72BD-08E5-48B6-A7DE-010EC70B4545}.Debug|x86.Build.0 = Debug|Any CPU
		{150E72BD-08E5-48B6-A7DE-010EC70B4545}.Release|Any CPU.ActiveCfg = Release|Any CPU
		{150E72BD-08E5-48B6-A7DE-010EC70B4545}.Release|Any CPU.Build.0 = Release|Any CPU
		{150E72BD-08E5-48B6-A7DE-010EC70B4545}.Release|ARM.ActiveCfg = Release|Any CPU
		{150E72BD-08E5-48B6-A7DE-010EC70B4545}.Release|ARM.Build.0 = Release|Any CPU
		{150E72BD-08E5-48B6-A7DE-010EC70B4545}.Release|iPhone.ActiveCfg = Release|Any CPU
		{150E72BD-08E5-48B6-A7DE-010EC70B4545}.Release|iPhone.Build.0 = Release|Any CPU
		{150E72BD-08E5-48B6-A7DE-010EC70B4545}.Release|iPhoneSimulator.ActiveCfg = Release|Any CPU
		{150E72BD-08E5-48B6-A7DE-010EC70B4545}.Release|iPhoneSimulator.Build.0 = Release|Any CPU
		{150E72BD-08E5-48B6-A7DE-010EC70B4545}.Release|x64.ActiveCfg = Release|Any CPU
		{150E72BD-08E5-48B6-A7DE-010EC70B4545}.Release|x64.Build.0 = Release|Any CPU
		{150E72BD-08E5-48B6-A7DE-010EC70B4545}.Release|x86.ActiveCfg = Release|Any CPU
		{150E72BD-08E5-48B6-A7DE-010EC70B4545}.Release|x86.Build.0 = Release|Any CPU
		{322177B5-3029-42E2-AB95-FA4321F1C6E8}.Ad-Hoc|Any CPU.ActiveCfg = Release|Any CPU
		{322177B5-3029-42E2-AB95-FA4321F1C6E8}.Ad-Hoc|Any CPU.Build.0 = Release|Any CPU
		{322177B5-3029-42E2-AB95-FA4321F1C6E8}.Ad-Hoc|ARM.ActiveCfg = Release|Any CPU
		{322177B5-3029-42E2-AB95-FA4321F1C6E8}.Ad-Hoc|ARM.Build.0 = Release|Any CPU
		{322177B5-3029-42E2-AB95-FA4321F1C6E8}.Ad-Hoc|iPhone.ActiveCfg = Release|Any CPU
		{322177B5-3029-42E2-AB95-FA4321F1C6E8}.Ad-Hoc|iPhone.Build.0 = Release|Any CPU
		{322177B5-3029-42E2-AB95-FA4321F1C6E8}.Ad-Hoc|iPhoneSimulator.ActiveCfg = Release|Any CPU
		{322177B5-3029-42E2-AB95-FA4321F1C6E8}.Ad-Hoc|iPhoneSimulator.Build.0 = Release|Any CPU
		{322177B5-3029-42E2-AB95-FA4321F1C6E8}.Ad-Hoc|x64.ActiveCfg = Release|Any CPU
		{322177B5-3029-42E2-AB95-FA4321F1C6E8}.Ad-Hoc|x64.Build.0 = Release|Any CPU
		{322177B5-3029-42E2-AB95-FA4321F1C6E8}.Ad-Hoc|x86.ActiveCfg = Release|Any CPU
		{322177B5-3029-42E2-AB95-FA4321F1C6E8}.Ad-Hoc|x86.Build.0 = Release|Any CPU
		{322177B5-3029-42E2-AB95-FA4321F1C6E8}.AppStore|Any CPU.ActiveCfg = Release|Any CPU
		{322177B5-3029-42E2-AB95-FA4321F1C6E8}.AppStore|Any CPU.Build.0 = Release|Any CPU
		{322177B5-3029-42E2-AB95-FA4321F1C6E8}.AppStore|ARM.ActiveCfg = Release|Any CPU
		{322177B5-3029-42E2-AB95-FA4321F1C6E8}.AppStore|ARM.Build.0 = Release|Any CPU
		{322177B5-3029-42E2-AB95-FA4321F1C6E8}.AppStore|iPhone.ActiveCfg = Release|Any CPU
		{322177B5-3029-42E2-AB95-FA4321F1C6E8}.AppStore|iPhone.Build.0 = Release|Any CPU
		{322177B5-3029-42E2-AB95-FA4321F1C6E8}.AppStore|iPhoneSimulator.ActiveCfg = Release|Any CPU
		{322177B5-3029-42E2-AB95-FA4321F1C6E8}.AppStore|iPhoneSimulator.Build.0 = Release|Any CPU
		{322177B5-3029-42E2-AB95-FA4321F1C6E8}.AppStore|x64.ActiveCfg = Release|Any CPU
		{322177B5-3029-42E2-AB95-FA4321F1C6E8}.AppStore|x64.Build.0 = Release|Any CPU
		{322177B5-3029-42E2-AB95-FA4321F1C6E8}.AppStore|x86.ActiveCfg = Release|Any CPU
		{322177B5-3029-42E2-AB95-FA4321F1C6E8}.AppStore|x86.Build.0 = Release|Any CPU
		{322177B5-3029-42E2-AB95-FA4321F1C6E8}.Debug|Any CPU.ActiveCfg = Debug|Any CPU
		{322177B5-3029-42E2-AB95-FA4321F1C6E8}.Debug|Any CPU.Build.0 = Debug|Any CPU
		{322177B5-3029-42E2-AB95-FA4321F1C6E8}.Debug|ARM.ActiveCfg = Debug|Any CPU
		{322177B5-3029-42E2-AB95-FA4321F1C6E8}.Debug|ARM.Build.0 = Debug|Any CPU
		{322177B5-3029-42E2-AB95-FA4321F1C6E8}.Debug|iPhone.ActiveCfg = Debug|Any CPU
		{322177B5-3029-42E2-AB95-FA4321F1C6E8}.Debug|iPhone.Build.0 = Debug|Any CPU
		{322177B5-3029-42E2-AB95-FA4321F1C6E8}.Debug|iPhoneSimulator.ActiveCfg = Debug|Any CPU
		{322177B5-3029-42E2-AB95-FA4321F1C6E8}.Debug|iPhoneSimulator.Build.0 = Debug|Any CPU
		{322177B5-3029-42E2-AB95-FA4321F1C6E8}.Debug|x64.ActiveCfg = Debug|Any CPU
		{322177B5-3029-42E2-AB95-FA4321F1C6E8}.Debug|x64.Build.0 = Debug|Any CPU
		{322177B5-3029-42E2-AB95-FA4321F1C6E8}.Debug|x86.ActiveCfg = Debug|Any CPU
		{322177B5-3029-42E2-AB95-FA4321F1C6E8}.Debug|x86.Build.0 = Debug|Any CPU
		{322177B5-3029-42E2-AB95-FA4321F1C6E8}.Release|Any CPU.ActiveCfg = Release|Any CPU
		{322177B5-3029-42E2-AB95-FA4321F1C6E8}.Release|Any CPU.Build.0 = Release|Any CPU
		{322177B5-3029-42E2-AB95-FA4321F1C6E8}.Release|ARM.ActiveCfg = Release|Any CPU
		{322177B5-3029-42E2-AB95-FA4321F1C6E8}.Release|ARM.Build.0 = Release|Any CPU
		{322177B5-3029-42E2-AB95-FA4321F1C6E8}.Release|iPhone.ActiveCfg = Release|Any CPU
		{322177B5-3029-42E2-AB95-FA4321F1C6E8}.Release|iPhone.Build.0 = Release|Any CPU
		{322177B5-3029-42E2-AB95-FA4321F1C6E8}.Release|iPhoneSimulator.ActiveCfg = Release|Any CPU
		{322177B5-3029-42E2-AB95-FA4321F1C6E8}.Release|iPhoneSimulator.Build.0 = Release|Any CPU
		{322177B5-3029-42E2-AB95-FA4321F1C6E8}.Release|x64.ActiveCfg = Release|Any CPU
		{322177B5-3029-42E2-AB95-FA4321F1C6E8}.Release|x64.Build.0 = Release|Any CPU
		{322177B5-3029-42E2-AB95-FA4321F1C6E8}.Release|x86.ActiveCfg = Release|Any CPU
		{322177B5-3029-42E2-AB95-FA4321F1C6E8}.Release|x86.Build.0 = Release|Any CPU
		{CDC49C08-74A4-436B-9531-F32B1299746A}.Ad-Hoc|Any CPU.ActiveCfg = Release|Any CPU
		{CDC49C08-74A4-436B-9531-F32B1299746A}.Ad-Hoc|Any CPU.Build.0 = Release|Any CPU
		{CDC49C08-74A4-436B-9531-F32B1299746A}.Ad-Hoc|ARM.ActiveCfg = Release|Any CPU
		{CDC49C08-74A4-436B-9531-F32B1299746A}.Ad-Hoc|ARM.Build.0 = Release|Any CPU
		{CDC49C08-74A4-436B-9531-F32B1299746A}.Ad-Hoc|iPhone.ActiveCfg = Release|Any CPU
		{CDC49C08-74A4-436B-9531-F32B1299746A}.Ad-Hoc|iPhone.Build.0 = Release|Any CPU
		{CDC49C08-74A4-436B-9531-F32B1299746A}.Ad-Hoc|iPhoneSimulator.ActiveCfg = Release|Any CPU
		{CDC49C08-74A4-436B-9531-F32B1299746A}.Ad-Hoc|iPhoneSimulator.Build.0 = Release|Any CPU
		{CDC49C08-74A4-436B-9531-F32B1299746A}.Ad-Hoc|x64.ActiveCfg = Release|Any CPU
		{CDC49C08-74A4-436B-9531-F32B1299746A}.Ad-Hoc|x64.Build.0 = Release|Any CPU
		{CDC49C08-74A4-436B-9531-F32B1299746A}.Ad-Hoc|x86.ActiveCfg = Release|Any CPU
		{CDC49C08-74A4-436B-9531-F32B1299746A}.Ad-Hoc|x86.Build.0 = Release|Any CPU
		{CDC49C08-74A4-436B-9531-F32B1299746A}.AppStore|Any CPU.ActiveCfg = Release|Any CPU
		{CDC49C08-74A4-436B-9531-F32B1299746A}.AppStore|Any CPU.Build.0 = Release|Any CPU
		{CDC49C08-74A4-436B-9531-F32B1299746A}.AppStore|ARM.ActiveCfg = Release|Any CPU
		{CDC49C08-74A4-436B-9531-F32B1299746A}.AppStore|ARM.Build.0 = Release|Any CPU
		{CDC49C08-74A4-436B-9531-F32B1299746A}.AppStore|iPhone.ActiveCfg = Release|Any CPU
		{CDC49C08-74A4-436B-9531-F32B1299746A}.AppStore|iPhone.Build.0 = Release|Any CPU
		{CDC49C08-74A4-436B-9531-F32B1299746A}.AppStore|iPhoneSimulator.ActiveCfg = Release|Any CPU
		{CDC49C08-74A4-436B-9531-F32B1299746A}.AppStore|iPhoneSimulator.Build.0 = Release|Any CPU
		{CDC49C08-74A4-436B-9531-F32B1299746A}.AppStore|x64.ActiveCfg = Release|Any CPU
		{CDC49C08-74A4-436B-9531-F32B1299746A}.AppStore|x64.Build.0 = Release|Any CPU
		{CDC49C08-74A4-436B-9531-F32B1299746A}.AppStore|x86.ActiveCfg = Release|Any CPU
		{CDC49C08-74A4-436B-9531-F32B1299746A}.AppStore|x86.Build.0 = Release|Any CPU
		{CDC49C08-74A4-436B-9531-F32B1299746A}.Debug|Any CPU.ActiveCfg = Debug|Any CPU
		{CDC49C08-74A4-436B-9531-F32B1299746A}.Debug|Any CPU.Build.0 = Debug|Any CPU
		{CDC49C08-74A4-436B-9531-F32B1299746A}.Debug|ARM.ActiveCfg = Debug|Any CPU
		{CDC49C08-74A4-436B-9531-F32B1299746A}.Debug|ARM.Build.0 = Debug|Any CPU
		{CDC49C08-74A4-436B-9531-F32B1299746A}.Debug|iPhone.ActiveCfg = Debug|Any CPU
		{CDC49C08-74A4-436B-9531-F32B1299746A}.Debug|iPhone.Build.0 = Debug|Any CPU
		{CDC49C08-74A4-436B-9531-F32B1299746A}.Debug|iPhoneSimulator.ActiveCfg = Debug|Any CPU
		{CDC49C08-74A4-436B-9531-F32B1299746A}.Debug|iPhoneSimulator.Build.0 = Debug|Any CPU
		{CDC49C08-74A4-436B-9531-F32B1299746A}.Debug|x64.ActiveCfg = Debug|Any CPU
		{CDC49C08-74A4-436B-9531-F32B1299746A}.Debug|x64.Build.0 = Debug|Any CPU
		{CDC49C08-74A4-436B-9531-F32B1299746A}.Debug|x86.ActiveCfg = Debug|Any CPU
		{CDC49C08-74A4-436B-9531-F32B1299746A}.Debug|x86.Build.0 = Debug|Any CPU
		{CDC49C08-74A4-436B-9531-F32B1299746A}.Release|Any CPU.ActiveCfg = Release|Any CPU
		{CDC49C08-74A4-436B-9531-F32B1299746A}.Release|Any CPU.Build.0 = Release|Any CPU
		{CDC49C08-74A4-436B-9531-F32B1299746A}.Release|ARM.ActiveCfg = Release|Any CPU
		{CDC49C08-74A4-436B-9531-F32B1299746A}.Release|ARM.Build.0 = Release|Any CPU
		{CDC49C08-74A4-436B-9531-F32B1299746A}.Release|iPhone.ActiveCfg = Release|Any CPU
		{CDC49C08-74A4-436B-9531-F32B1299746A}.Release|iPhone.Build.0 = Release|Any CPU
		{CDC49C08-74A4-436B-9531-F32B1299746A}.Release|iPhoneSimulator.ActiveCfg = Release|Any CPU
		{CDC49C08-74A4-436B-9531-F32B1299746A}.Release|iPhoneSimulator.Build.0 = Release|Any CPU
		{CDC49C08-74A4-436B-9531-F32B1299746A}.Release|x64.ActiveCfg = Release|Any CPU
		{CDC49C08-74A4-436B-9531-F32B1299746A}.Release|x64.Build.0 = Release|Any CPU
		{CDC49C08-74A4-436B-9531-F32B1299746A}.Release|x86.ActiveCfg = Release|Any CPU
		{CDC49C08-74A4-436B-9531-F32B1299746A}.Release|x86.Build.0 = Release|Any CPU
		{72103259-6DEC-43E9-A5F8-F2158B3CF5A9}.Ad-Hoc|Any CPU.ActiveCfg = Release|Any CPU
		{72103259-6DEC-43E9-A5F8-F2158B3CF5A9}.Ad-Hoc|Any CPU.Build.0 = Release|Any CPU
		{72103259-6DEC-43E9-A5F8-F2158B3CF5A9}.Ad-Hoc|ARM.ActiveCfg = Release|Any CPU
		{72103259-6DEC-43E9-A5F8-F2158B3CF5A9}.Ad-Hoc|ARM.Build.0 = Release|Any CPU
		{72103259-6DEC-43E9-A5F8-F2158B3CF5A9}.Ad-Hoc|iPhone.ActiveCfg = Release|Any CPU
		{72103259-6DEC-43E9-A5F8-F2158B3CF5A9}.Ad-Hoc|iPhone.Build.0 = Release|Any CPU
		{72103259-6DEC-43E9-A5F8-F2158B3CF5A9}.Ad-Hoc|iPhoneSimulator.ActiveCfg = Release|Any CPU
		{72103259-6DEC-43E9-A5F8-F2158B3CF5A9}.Ad-Hoc|iPhoneSimulator.Build.0 = Release|Any CPU
		{72103259-6DEC-43E9-A5F8-F2158B3CF5A9}.Ad-Hoc|x64.ActiveCfg = Release|Any CPU
		{72103259-6DEC-43E9-A5F8-F2158B3CF5A9}.Ad-Hoc|x64.Build.0 = Release|Any CPU
		{72103259-6DEC-43E9-A5F8-F2158B3CF5A9}.Ad-Hoc|x86.ActiveCfg = Release|Any CPU
		{72103259-6DEC-43E9-A5F8-F2158B3CF5A9}.Ad-Hoc|x86.Build.0 = Release|Any CPU
		{72103259-6DEC-43E9-A5F8-F2158B3CF5A9}.AppStore|Any CPU.ActiveCfg = Release|Any CPU
		{72103259-6DEC-43E9-A5F8-F2158B3CF5A9}.AppStore|Any CPU.Build.0 = Release|Any CPU
		{72103259-6DEC-43E9-A5F8-F2158B3CF5A9}.AppStore|ARM.ActiveCfg = Release|Any CPU
		{72103259-6DEC-43E9-A5F8-F2158B3CF5A9}.AppStore|ARM.Build.0 = Release|Any CPU
		{72103259-6DEC-43E9-A5F8-F2158B3CF5A9}.AppStore|iPhone.ActiveCfg = Release|Any CPU
		{72103259-6DEC-43E9-A5F8-F2158B3CF5A9}.AppStore|iPhone.Build.0 = Release|Any CPU
		{72103259-6DEC-43E9-A5F8-F2158B3CF5A9}.AppStore|iPhoneSimulator.ActiveCfg = Release|Any CPU
		{72103259-6DEC-43E9-A5F8-F2158B3CF5A9}.AppStore|iPhoneSimulator.Build.0 = Release|Any CPU
		{72103259-6DEC-43E9-A5F8-F2158B3CF5A9}.AppStore|x64.ActiveCfg = Release|Any CPU
		{72103259-6DEC-43E9-A5F8-F2158B3CF5A9}.AppStore|x64.Build.0 = Release|Any CPU
		{72103259-6DEC-43E9-A5F8-F2158B3CF5A9}.AppStore|x86.ActiveCfg = Release|Any CPU
		{72103259-6DEC-43E9-A5F8-F2158B3CF5A9}.AppStore|x86.Build.0 = Release|Any CPU
		{72103259-6DEC-43E9-A5F8-F2158B3CF5A9}.Debug|Any CPU.ActiveCfg = Debug|Any CPU
		{72103259-6DEC-43E9-A5F8-F2158B3CF5A9}.Debug|Any CPU.Build.0 = Debug|Any CPU
		{72103259-6DEC-43E9-A5F8-F2158B3CF5A9}.Debug|ARM.ActiveCfg = Debug|Any CPU
		{72103259-6DEC-43E9-A5F8-F2158B3CF5A9}.Debug|ARM.Build.0 = Debug|Any CPU
		{72103259-6DEC-43E9-A5F8-F2158B3CF5A9}.Debug|iPhone.ActiveCfg = Debug|Any CPU
		{72103259-6DEC-43E9-A5F8-F2158B3CF5A9}.Debug|iPhone.Build.0 = Debug|Any CPU
		{72103259-6DEC-43E9-A5F8-F2158B3CF5A9}.Debug|iPhoneSimulator.ActiveCfg = Debug|Any CPU
		{72103259-6DEC-43E9-A5F8-F2158B3CF5A9}.Debug|iPhoneSimulator.Build.0 = Debug|Any CPU
		{72103259-6DEC-43E9-A5F8-F2158B3CF5A9}.Debug|x64.ActiveCfg = Debug|Any CPU
		{72103259-6DEC-43E9-A5F8-F2158B3CF5A9}.Debug|x64.Build.0 = Debug|Any CPU
		{72103259-6DEC-43E9-A5F8-F2158B3CF5A9}.Debug|x86.ActiveCfg = Debug|Any CPU
		{72103259-6DEC-43E9-A5F8-F2158B3CF5A9}.Debug|x86.Build.0 = Debug|Any CPU
		{72103259-6DEC-43E9-A5F8-F2158B3CF5A9}.Release|Any CPU.ActiveCfg = Release|Any CPU
		{72103259-6DEC-43E9-A5F8-F2158B3CF5A9}.Release|Any CPU.Build.0 = Release|Any CPU
		{72103259-6DEC-43E9-A5F8-F2158B3CF5A9}.Release|ARM.ActiveCfg = Release|Any CPU
		{72103259-6DEC-43E9-A5F8-F2158B3CF5A9}.Release|ARM.Build.0 = Release|Any CPU
		{72103259-6DEC-43E9-A5F8-F2158B3CF5A9}.Release|iPhone.ActiveCfg = Release|Any CPU
		{72103259-6DEC-43E9-A5F8-F2158B3CF5A9}.Release|iPhone.Build.0 = Release|Any CPU
		{72103259-6DEC-43E9-A5F8-F2158B3CF5A9}.Release|iPhoneSimulator.ActiveCfg = Release|Any CPU
		{72103259-6DEC-43E9-A5F8-F2158B3CF5A9}.Release|iPhoneSimulator.Build.0 = Release|Any CPU
		{72103259-6DEC-43E9-A5F8-F2158B3CF5A9}.Release|x64.ActiveCfg = Release|Any CPU
		{72103259-6DEC-43E9-A5F8-F2158B3CF5A9}.Release|x64.Build.0 = Release|Any CPU
		{72103259-6DEC-43E9-A5F8-F2158B3CF5A9}.Release|x86.ActiveCfg = Release|Any CPU
		{72103259-6DEC-43E9-A5F8-F2158B3CF5A9}.Release|x86.Build.0 = Release|Any CPU
		{0C85BE7A-A717-4C05-8E06-A4709CA55431}.Ad-Hoc|Any CPU.ActiveCfg = Release|Any CPU
		{0C85BE7A-A717-4C05-8E06-A4709CA55431}.Ad-Hoc|Any CPU.Build.0 = Release|Any CPU
		{0C85BE7A-A717-4C05-8E06-A4709CA55431}.Ad-Hoc|ARM.ActiveCfg = Release|ARM
		{0C85BE7A-A717-4C05-8E06-A4709CA55431}.Ad-Hoc|ARM.Build.0 = Release|ARM
		{0C85BE7A-A717-4C05-8E06-A4709CA55431}.Ad-Hoc|iPhone.ActiveCfg = Release|Any CPU
		{0C85BE7A-A717-4C05-8E06-A4709CA55431}.Ad-Hoc|iPhone.Build.0 = Release|Any CPU
		{0C85BE7A-A717-4C05-8E06-A4709CA55431}.Ad-Hoc|iPhoneSimulator.ActiveCfg = Release|Any CPU
		{0C85BE7A-A717-4C05-8E06-A4709CA55431}.Ad-Hoc|iPhoneSimulator.Build.0 = Release|Any CPU
		{0C85BE7A-A717-4C05-8E06-A4709CA55431}.Ad-Hoc|x64.ActiveCfg = Release|x64
		{0C85BE7A-A717-4C05-8E06-A4709CA55431}.Ad-Hoc|x64.Build.0 = Release|x64
		{0C85BE7A-A717-4C05-8E06-A4709CA55431}.Ad-Hoc|x86.ActiveCfg = Release|x86
		{0C85BE7A-A717-4C05-8E06-A4709CA55431}.Ad-Hoc|x86.Build.0 = Release|x86
		{0C85BE7A-A717-4C05-8E06-A4709CA55431}.AppStore|Any CPU.ActiveCfg = Release|Any CPU
		{0C85BE7A-A717-4C05-8E06-A4709CA55431}.AppStore|Any CPU.Build.0 = Release|Any CPU
		{0C85BE7A-A717-4C05-8E06-A4709CA55431}.AppStore|ARM.ActiveCfg = Release|ARM
		{0C85BE7A-A717-4C05-8E06-A4709CA55431}.AppStore|ARM.Build.0 = Release|ARM
		{0C85BE7A-A717-4C05-8E06-A4709CA55431}.AppStore|iPhone.ActiveCfg = Release|Any CPU
		{0C85BE7A-A717-4C05-8E06-A4709CA55431}.AppStore|iPhone.Build.0 = Release|Any CPU
		{0C85BE7A-A717-4C05-8E06-A4709CA55431}.AppStore|iPhoneSimulator.ActiveCfg = Release|Any CPU
		{0C85BE7A-A717-4C05-8E06-A4709CA55431}.AppStore|iPhoneSimulator.Build.0 = Release|Any CPU
		{0C85BE7A-A717-4C05-8E06-A4709CA55431}.AppStore|x64.ActiveCfg = Release|x64
		{0C85BE7A-A717-4C05-8E06-A4709CA55431}.AppStore|x64.Build.0 = Release|x64
		{0C85BE7A-A717-4C05-8E06-A4709CA55431}.AppStore|x86.ActiveCfg = Release|x86
		{0C85BE7A-A717-4C05-8E06-A4709CA55431}.AppStore|x86.Build.0 = Release|x86
		{0C85BE7A-A717-4C05-8E06-A4709CA55431}.Debug|Any CPU.ActiveCfg = Debug|Any CPU
		{0C85BE7A-A717-4C05-8E06-A4709CA55431}.Debug|Any CPU.Build.0 = Debug|Any CPU
		{0C85BE7A-A717-4C05-8E06-A4709CA55431}.Debug|ARM.ActiveCfg = Debug|ARM
		{0C85BE7A-A717-4C05-8E06-A4709CA55431}.Debug|ARM.Build.0 = Debug|ARM
		{0C85BE7A-A717-4C05-8E06-A4709CA55431}.Debug|iPhone.ActiveCfg = Debug|Any CPU
		{0C85BE7A-A717-4C05-8E06-A4709CA55431}.Debug|iPhone.Build.0 = Debug|Any CPU
		{0C85BE7A-A717-4C05-8E06-A4709CA55431}.Debug|iPhoneSimulator.ActiveCfg = Debug|Any CPU
		{0C85BE7A-A717-4C05-8E06-A4709CA55431}.Debug|iPhoneSimulator.Build.0 = Debug|Any CPU
		{0C85BE7A-A717-4C05-8E06-A4709CA55431}.Debug|x64.ActiveCfg = Debug|x64
		{0C85BE7A-A717-4C05-8E06-A4709CA55431}.Debug|x64.Build.0 = Debug|x64
		{0C85BE7A-A717-4C05-8E06-A4709CA55431}.Debug|x86.ActiveCfg = Debug|x86
		{0C85BE7A-A717-4C05-8E06-A4709CA55431}.Debug|x86.Build.0 = Debug|x86
		{0C85BE7A-A717-4C05-8E06-A4709CA55431}.Release|Any CPU.ActiveCfg = Release|Any CPU
		{0C85BE7A-A717-4C05-8E06-A4709CA55431}.Release|Any CPU.Build.0 = Release|Any CPU
		{0C85BE7A-A717-4C05-8E06-A4709CA55431}.Release|ARM.ActiveCfg = Release|ARM
		{0C85BE7A-A717-4C05-8E06-A4709CA55431}.Release|ARM.Build.0 = Release|ARM
		{0C85BE7A-A717-4C05-8E06-A4709CA55431}.Release|iPhone.ActiveCfg = Release|Any CPU
		{0C85BE7A-A717-4C05-8E06-A4709CA55431}.Release|iPhone.Build.0 = Release|Any CPU
		{0C85BE7A-A717-4C05-8E06-A4709CA55431}.Release|iPhoneSimulator.ActiveCfg = Release|Any CPU
		{0C85BE7A-A717-4C05-8E06-A4709CA55431}.Release|iPhoneSimulator.Build.0 = Release|Any CPU
		{0C85BE7A-A717-4C05-8E06-A4709CA55431}.Release|x64.ActiveCfg = Release|x64
		{0C85BE7A-A717-4C05-8E06-A4709CA55431}.Release|x64.Build.0 = Release|x64
		{0C85BE7A-A717-4C05-8E06-A4709CA55431}.Release|x86.ActiveCfg = Release|x86
		{0C85BE7A-A717-4C05-8E06-A4709CA55431}.Release|x86.Build.0 = Release|x86
	EndGlobalSection
	GlobalSection(SolutionProperties) = preSolution
		HideSolutionNode = FALSE
	EndGlobalSection
	GlobalSection(NestedProjects) = preSolution
		{150E72BD-08E5-48B6-A7DE-010EC70B4545} = {A6051DA1-BFED-499C-9628-4A125EF44288}
		{322177B5-3029-42E2-AB95-FA4321F1C6E8} = {A6051DA1-BFED-499C-9628-4A125EF44288}
		{CDC49C08-74A4-436B-9531-F32B1299746A} = {A6051DA1-BFED-499C-9628-4A125EF44288}
		{72103259-6DEC-43E9-A5F8-F2158B3CF5A9} = {A6051DA1-BFED-499C-9628-4A125EF44288}
		{0C85BE7A-A717-4C05-8E06-A4709CA55431} = {A6051DA1-BFED-499C-9628-4A125EF44288}
		{EC030D3A-0ED4-4B7C-A283-5C99502E8817} = {A6051DA1-BFED-499C-9628-4A125EF44288}
	EndGlobalSection
EndGlobal
